
Microsoft Visual Studio Solution File, Format Version 12.00
# Visual Studio Version 17
VisualStudioVersion = 17.3.32811.315
MinimumVisualStudioVersion = 10.0.40219.1
Project("{9A19103F-16F7-4668-BE54-9A1E7A4F7556}") = "WarmupGen.Web", "WarmupGen.Web\WarmupGen.Web.csproj", "{ED7C2865-188C-4720-8F8D-959100D6C982}"
EndProject
Project("{9A19103F-16F7-4668-BE54-9A1E7A4F7556}") = "WarmupGen.Core", "WarmupGen.Core\WarmupGen.Core.csproj", "{9B9B536D-6F28-4351-A404-04223B6CCDB1}"
EndProject
Project("{9A19103F-16F7-4668-BE54-9A1E7A4F7556}") = "WarmupGen.Tests", "WarmupGen.Tests\WarmupGen.Tests.csproj", "{00618EDE-30DC-4D49-968E-24A515F868DA}"
EndProject
Project("{FAE04EC0-301F-11D3-BF4B-00C04F79EFBC}") = "WarmupGen.Editor", "WarmupGen.Editor\WarmupGen.Editor.csproj", "{C30A4A8C-9146-4C20-B0E7-F9BDC8A81C4E}"
EndProject
Global
	GlobalSection(SolutionConfigurationPlatforms) = preSolution
		Debug|Any CPU = Debug|Any CPU
		Release|Any CPU = Release|Any CPU
	EndGlobalSection
	GlobalSection(ProjectConfigurationPlatforms) = postSolution
		{ED7C2865-188C-4720-8F8D-959100D6C982}.Debug|Any CPU.ActiveCfg = Debug|Any CPU
		{ED7C2865-188C-4720-8F8D-959100D6C982}.Debug|Any CPU.Build.0 = Debug|Any CPU
		{ED7C2865-188C-4720-8F8D-959100D6C982}.Release|Any CPU.ActiveCfg = Release|Any CPU
		{ED7C2865-188C-4720-8F8D-959100D6C982}.Release|Any CPU.Build.0 = Release|Any CPU
		{9B9B536D-6F28-4351-A404-04223B6CCDB1}.Debug|Any CPU.ActiveCfg = Debug|Any CPU
		{9B9B536D-6F28-4351-A404-04223B6CCDB1}.Debug|Any CPU.Build.0 = Debug|Any CPU
		{9B9B536D-6F28-4351-A404-04223B6CCDB1}.Release|Any CPU.ActiveCfg = Release|Any CPU
		{9B9B536D-6F28-4351-A404-04223B6CCDB1}.Release|Any CPU.Build.0 = Release|Any CPU
		{00618EDE-30DC-4D49-968E-24A515F868DA}.Debug|Any CPU.ActiveCfg = Debug|Any CPU
		{00618EDE-30DC-4D49-968E-24A515F868DA}.Debug|Any CPU.Build.0 = Debug|Any CPU
		{00618EDE-30DC-4D49-968E-24A515F868DA}.Release|Any CPU.ActiveCfg = Release|Any CPU
		{00618EDE-30DC-4D49-968E-24A515F868DA}.Release|Any CPU.Build.0 = Release|Any CPU
		{C30A4A8C-9146-4C20-B0E7-F9BDC8A81C4E}.Debug|Any CPU.ActiveCfg = Debug|Any CPU
		{C30A4A8C-9146-4C20-B0E7-F9BDC8A81C4E}.Debug|Any CPU.Build.0 = Debug|Any CPU
		{C30A4A8C-9146-4C20-B0E7-F9BDC8A81C4E}.Release|Any CPU.ActiveCfg = Release|Any CPU
		{C30A4A8C-9146-4C20-B0E7-F9BDC8A81C4E}.Release|Any CPU.Build.0 = Release|Any CPU
	EndGlobalSection
	GlobalSection(SolutionProperties) = preSolution
		HideSolutionNode = FALSE
	EndGlobalSection
	GlobalSection(ExtensibilityGlobals) = postSolution
		SolutionGuid = {A28497F8-45D3-4513-8BCE-AB6A4C6A7776}
	EndGlobalSection
EndGlobal
